
Microsoft Visual Studio Solution File, Format Version 12.00
# Visual Studio Version 17
VisualStudioVersion = 17.5.002.0
MinimumVisualStudioVersion = 10.0.40219.1
Project("{9A19103F-16F7-4668-BE54-9A1E7A4F7556}") = "GSBAppartements", "GSBAppartements.csproj", "{9E9DC1A8-C969-497E-8D4E-0C3492E3E93E}"
EndProject
Global
	GlobalSection(SolutionConfigurationPlatforms) = preSolution
		Debug|Any CPU = Debug|Any CPU
		Release|Any CPU = Release|Any CPU
	EndGlobalSection
	GlobalSection(ProjectConfigurationPlatforms) = postSolution
		{9E9DC1A8-C969-497E-8D4E-0C3492E3E93E}.Debug|Any CPU.ActiveCfg = Debug|Any CPU
		{9E9DC1A8-C969-497E-8D4E-0C3492E3E93E}.Debug|Any CPU.Build.0 = Debug|Any CPU
		{9E9DC1A8-C969-497E-8D4E-0C3492E3E93E}.Release|Any CPU.ActiveCfg = Release|Any CPU
		{9E9DC1A8-C969-497E-8D4E-0C3492E3E93E}.Release|Any CPU.Build.0 = Release|Any CPU
	EndGlobalSection
	GlobalSection(SolutionProperties) = preSolution
		HideSolutionNode = FALSE
	EndGlobalSection
	GlobalSection(ExtensibilityGlobals) = postSolution
		SolutionGuid = {4908B2E0-E5B5-4077-9C85-888EEBDB0182}
	EndGlobalSection
EndGlobal
